
Microsoft Visual Studio Solution File, Format Version 12.00
# Visual Studio Version 17
VisualStudioVersion = 17.4.33213.308
MinimumVisualStudioVersion = 10.0.40219.1
Project("{FAE04EC0-301F-11D3-BF4B-00C04F79EFBC}") = "Strings1", "Strings1.csproj", "{C805583E-4706-40F8-BD9E-4B925A4B9E26}"
EndProject
Global
	GlobalSection(SolutionConfigurationPlatforms) = preSolution
		Debug|Any CPU = Debug|Any CPU
		Release|Any CPU = Release|Any CPU
	EndGlobalSection
	GlobalSection(ProjectConfigurationPlatforms) = postSolution
		{C805583E-4706-40F8-BD9E-4B925A4B9E26}.Debug|Any CPU.ActiveCfg = Debug|Any CPU
		{C805583E-4706-40F8-BD9E-4B925A4B9E26}.Debug|Any CPU.Build.0 = Debug|Any CPU
		{C805583E-4706-40F8-BD9E-4B925A4B9E26}.Release|Any CPU.ActiveCfg = Release|Any CPU
		{C805583E-4706-40F8-BD9E-4B925A4B9E26}.Release|Any CPU.Build.0 = Release|Any CPU
	EndGlobalSection
	GlobalSection(SolutionProperties) = preSolution
		HideSolutionNode = FALSE
	EndGlobalSection
	GlobalSection(ExtensibilityGlobals) = postSolution
		SolutionGuid = {861F653E-525E-43B3-8406-FF0885A9C329}
	EndGlobalSection
EndGlobal
