
Microsoft Visual Studio Solution File, Format Version 12.00
# Visual Studio Version 17
VisualStudioVersion = 17.8.34525.116
MinimumVisualStudioVersion = 10.0.40219.1
Project("{FAE04EC0-301F-11D3-BF4B-00C04F79EFBC}") = "ArrayRotation", "ArrayRotation.csproj", "{1A1E77DB-580A-494C-9D38-404D8F921573}"
EndProject
Global
	GlobalSection(SolutionConfigurationPlatforms) = preSolution
		Debug|Any CPU = Debug|Any CPU
		Release|Any CPU = Release|Any CPU
	EndGlobalSection
	GlobalSection(ProjectConfigurationPlatforms) = postSolution
		{1A1E77DB-580A-494C-9D38-404D8F921573}.Debug|Any CPU.ActiveCfg = Debug|Any CPU
		{1A1E77DB-580A-494C-9D38-404D8F921573}.Debug|Any CPU.Build.0 = Debug|Any CPU
		{1A1E77DB-580A-494C-9D38-404D8F921573}.Release|Any CPU.ActiveCfg = Release|Any CPU
		{1A1E77DB-580A-494C-9D38-404D8F921573}.Release|Any CPU.Build.0 = Release|Any CPU
	EndGlobalSection
	GlobalSection(SolutionProperties) = preSolution
		HideSolutionNode = FALSE
	EndGlobalSection
	GlobalSection(ExtensibilityGlobals) = postSolution
		SolutionGuid = {CDDBD2F3-E7C0-4991-9D2E-7D8E4FC87BB0}
	EndGlobalSection
EndGlobal
