
Microsoft Visual Studio Solution File, Format Version 12.00
# Visual Studio Version 17
VisualStudioVersion = 17.2.32616.157
MinimumVisualStudioVersion = 10.0.40219.1
Project("{FAE04EC0-301F-11D3-BF4B-00C04F79EFBC}") = "Loops7", "Loops7.csproj", "{D9627CF9-A927-4E55-8321-428BA4C3BD74}"
EndProject
Global
	GlobalSection(SolutionConfigurationPlatforms) = preSolution
		Debug|Any CPU = Debug|Any CPU
		Release|Any CPU = Release|Any CPU
	EndGlobalSection
	GlobalSection(ProjectConfigurationPlatforms) = postSolution
		{D9627CF9-A927-4E55-8321-428BA4C3BD74}.Debug|Any CPU.ActiveCfg = Debug|Any CPU
		{D9627CF9-A927-4E55-8321-428BA4C3BD74}.Debug|Any CPU.Build.0 = Debug|Any CPU
		{D9627CF9-A927-4E55-8321-428BA4C3BD74}.Release|Any CPU.ActiveCfg = Release|Any CPU
		{D9627CF9-A927-4E55-8321-428BA4C3BD74}.Release|Any CPU.Build.0 = Release|Any CPU
	EndGlobalSection
	GlobalSection(SolutionProperties) = preSolution
		HideSolutionNode = FALSE
	EndGlobalSection
	GlobalSection(ExtensibilityGlobals) = postSolution
		SolutionGuid = {A925076F-0210-45BC-B094-36BB72055C55}
	EndGlobalSection
EndGlobal
