
Microsoft Visual Studio Solution File, Format Version 12.00
# Visual Studio Version 17
VisualStudioVersion = 17.8.34525.116
MinimumVisualStudioVersion = 10.0.40219.1
Project("{FAE04EC0-301F-11D3-BF4B-00C04F79EFBC}") = "Conditional4", "Conditional4.csproj", "{0B3D522F-0C56-4A04-AB54-A8396F0CE8B4}"
EndProject
Project("{FAE04EC0-301F-11D3-BF4B-00C04F79EFBC}") = "Conditional4Tests", "..\Conditional4Tests\Conditional4Tests.csproj", "{A157BD73-9F0D-479B-8A3C-7428683E82E6}"
EndProject
Global
	GlobalSection(SolutionConfigurationPlatforms) = preSolution
		Debug|Any CPU = Debug|Any CPU
		Release|Any CPU = Release|Any CPU
	EndGlobalSection
	GlobalSection(ProjectConfigurationPlatforms) = postSolution
		{0B3D522F-0C56-4A04-AB54-A8396F0CE8B4}.Debug|Any CPU.ActiveCfg = Debug|Any CPU
		{0B3D522F-0C56-4A04-AB54-A8396F0CE8B4}.Debug|Any CPU.Build.0 = Debug|Any CPU
		{0B3D522F-0C56-4A04-AB54-A8396F0CE8B4}.Release|Any CPU.ActiveCfg = Release|Any CPU
		{0B3D522F-0C56-4A04-AB54-A8396F0CE8B4}.Release|Any CPU.Build.0 = Release|Any CPU
		{A157BD73-9F0D-479B-8A3C-7428683E82E6}.Debug|Any CPU.ActiveCfg = Debug|Any CPU
		{A157BD73-9F0D-479B-8A3C-7428683E82E6}.Debug|Any CPU.Build.0 = Debug|Any CPU
		{A157BD73-9F0D-479B-8A3C-7428683E82E6}.Release|Any CPU.ActiveCfg = Release|Any CPU
		{A157BD73-9F0D-479B-8A3C-7428683E82E6}.Release|Any CPU.Build.0 = Release|Any CPU
	EndGlobalSection
	GlobalSection(SolutionProperties) = preSolution
		HideSolutionNode = FALSE
	EndGlobalSection
	GlobalSection(ExtensibilityGlobals) = postSolution
		SolutionGuid = {203DBAF9-7168-475E-A3B5-57FBE5DA20CB}
	EndGlobalSection
EndGlobal
