
Microsoft Visual Studio Solution File, Format Version 12.00
# Visual Studio Version 17
VisualStudioVersion = 17.8.34525.116
MinimumVisualStudioVersion = 10.0.40219.1
Project("{FAE04EC0-301F-11D3-BF4B-00C04F79EFBC}") = "Strings4", "Strings4.csproj", "{1F32CB62-88EA-4C92-8DDC-E27BB1E11E3B}"
EndProject
Global
	GlobalSection(SolutionConfigurationPlatforms) = preSolution
		Debug|Any CPU = Debug|Any CPU
		Release|Any CPU = Release|Any CPU
	EndGlobalSection
	GlobalSection(ProjectConfigurationPlatforms) = postSolution
		{1F32CB62-88EA-4C92-8DDC-E27BB1E11E3B}.Debug|Any CPU.ActiveCfg = Debug|Any CPU
		{1F32CB62-88EA-4C92-8DDC-E27BB1E11E3B}.Debug|Any CPU.Build.0 = Debug|Any CPU
		{1F32CB62-88EA-4C92-8DDC-E27BB1E11E3B}.Release|Any CPU.ActiveCfg = Release|Any CPU
		{1F32CB62-88EA-4C92-8DDC-E27BB1E11E3B}.Release|Any CPU.Build.0 = Release|Any CPU
	EndGlobalSection
	GlobalSection(SolutionProperties) = preSolution
		HideSolutionNode = FALSE
	EndGlobalSection
	GlobalSection(ExtensibilityGlobals) = postSolution
		SolutionGuid = {EC4CB105-CF38-48FA-9279-E2F5469C0A6B}
	EndGlobalSection
EndGlobal
