
Microsoft Visual Studio Solution File, Format Version 12.00
# Visual Studio Version 17
VisualStudioVersion = 17.8.34525.116
MinimumVisualStudioVersion = 10.0.40219.1
Project("{FAE04EC0-301F-11D3-BF4B-00C04F79EFBC}") = "Strings5", "Strings5.csproj", "{E3F9ABE2-55AB-4619-AD0A-EE7BEBAAFEE2}"
EndProject
Global
	GlobalSection(SolutionConfigurationPlatforms) = preSolution
		Debug|Any CPU = Debug|Any CPU
		Release|Any CPU = Release|Any CPU
	EndGlobalSection
	GlobalSection(ProjectConfigurationPlatforms) = postSolution
		{E3F9ABE2-55AB-4619-AD0A-EE7BEBAAFEE2}.Debug|Any CPU.ActiveCfg = Debug|Any CPU
		{E3F9ABE2-55AB-4619-AD0A-EE7BEBAAFEE2}.Debug|Any CPU.Build.0 = Debug|Any CPU
		{E3F9ABE2-55AB-4619-AD0A-EE7BEBAAFEE2}.Release|Any CPU.ActiveCfg = Release|Any CPU
		{E3F9ABE2-55AB-4619-AD0A-EE7BEBAAFEE2}.Release|Any CPU.Build.0 = Release|Any CPU
	EndGlobalSection
	GlobalSection(SolutionProperties) = preSolution
		HideSolutionNode = FALSE
	EndGlobalSection
	GlobalSection(ExtensibilityGlobals) = postSolution
		SolutionGuid = {13674FAE-D44F-47A6-89E4-BF2DB0BBB724}
	EndGlobalSection
EndGlobal
