
Microsoft Visual Studio Solution File, Format Version 12.00
# Visual Studio Version 17
VisualStudioVersion = 17.4.33213.308
MinimumVisualStudioVersion = 10.0.40219.1
Project("{FAE04EC0-301F-11D3-BF4B-00C04F79EFBC}") = "Strings3", "Strings3.csproj", "{62CA95E8-EDED-4416-A829-EB20F089DC47}"
EndProject
Global
	GlobalSection(SolutionConfigurationPlatforms) = preSolution
		Debug|Any CPU = Debug|Any CPU
		Release|Any CPU = Release|Any CPU
	EndGlobalSection
	GlobalSection(ProjectConfigurationPlatforms) = postSolution
		{62CA95E8-EDED-4416-A829-EB20F089DC47}.Debug|Any CPU.ActiveCfg = Debug|Any CPU
		{62CA95E8-EDED-4416-A829-EB20F089DC47}.Debug|Any CPU.Build.0 = Debug|Any CPU
		{62CA95E8-EDED-4416-A829-EB20F089DC47}.Release|Any CPU.ActiveCfg = Release|Any CPU
		{62CA95E8-EDED-4416-A829-EB20F089DC47}.Release|Any CPU.Build.0 = Release|Any CPU
	EndGlobalSection
	GlobalSection(SolutionProperties) = preSolution
		HideSolutionNode = FALSE
	EndGlobalSection
	GlobalSection(ExtensibilityGlobals) = postSolution
		SolutionGuid = {D9C0F5BE-F194-4F75-951B-93A69D143EFE}
	EndGlobalSection
EndGlobal
